{
  "name": "traveller",
  "lockfileVersion": 3,
  "requires": true,
  "packages": {
    "": {
      "dependencies": {
        "tailwindcss": "^4.1.18",
        "ultimate_turbo_modal": "3.0.4"
      }
    },
    "node_modules/@hotwired/stimulus": {
      "version": "3.2.2",
      "resolved": "https://registry.npmjs.org/@hotwired/stimulus/-/stimulus-3.2.2.tgz",
      "integrity": "sha512-eGeIqNOQpXoPAIP7tC1+1Yc1yl1xnwYqg+3mzqxyrbE5pg5YFBZcA6YoTiByJB6DKAEsiWtl6tjTJS4IYtbB7A==",
      "license": "MIT",
      "peer": true
    },
    "node_modules/@hotwired/turbo": {
      "version": "8.0.23",
      "resolved": "https://registry.npmjs.org/@hotwired/turbo/-/turbo-8.0.23.tgz",
      "integrity": "sha512-GZ7cijxEZ6Ig71u7rD6LHaRv/wcE/hNsc+nEfiWOkLNqUgLOwo5MNGWOy5ZV9ZUDSiQx1no7YxjTNnT4O6//cQ==",
      "license": "MIT",
      "engines": {
        "node": ">= 18"
      }
    },
    "node_modules/@hotwired/turbo-rails": {
      "version": "8.0.23",
      "resolved": "https://registry.npmjs.org/@hotwired/turbo-rails/-/turbo-rails-8.0.23.tgz",
      "integrity": "sha512-iBILwda3qmQC7FYM70+4s6kEQ7Fx9dJ6+yGxjPyrz9a5JDx1+y7OAA5TA7GGVOZJoicMLrKGdFDNorl40X35lw==",
      "license": "MIT",
      "dependencies": {
        "@hotwired/turbo": "^8.0.23",
        "@rails/actioncable": ">=7.0"
      }
    },
    "node_modules/@rails/actioncable": {
      "version": "8.1.300",
      "resolved": "https://registry.npmjs.org/@rails/actioncable/-/actioncable-8.1.300.tgz",
      "integrity": "sha512-zOENQsq3NM2jyBY6Z2qtZa3V/R/6OEqA+LGKixQbBMl7kk/J3FXDRcszPe74LsHNgB01jCl/DXu/xA8sHt4I/g==",
      "license": "MIT"
    },
    "node_modules/idiomorph": {
      "version": "0.7.4",
      "resolved": "https://registry.npmjs.org/idiomorph/-/idiomorph-0.7.4.tgz",
      "integrity": "sha512-uCdSpLo3uMfqOmrwXTpR1k/sq4sSmKC7l4o/LdJOEU+MMMq+wkevRqOQYn3lP7vfz9Mv+USBEqPvi0XhdL9ENw==",
      "license": "0BSD"
    },
    "node_modules/tailwindcss": {
      "version": "4.1.18",
      "resolved": "https://registry.npmjs.org/tailwindcss/-/tailwindcss-4.1.18.tgz",
      "integrity": "sha512-4+Z+0yiYyEtUVCScyfHCxOYP06L5Ne+JiHhY2IjR2KWMIWhJOYZKLSGZaP5HkZ8+bY0cxfzwDE5uOmzFXyIwxw==",
      "license": "MIT"
    },
    "node_modules/ultimate_turbo_modal": {
      "version": "3.0.4",
      "resolved": "https://registry.npmjs.org/ultimate_turbo_modal/-/ultimate_turbo_modal-3.0.4.tgz",
      "integrity": "sha512-krjZ1SKtY6RQtkPIDodzoGHckE0VtPX57Kpp/2Gp9aLa4L/JzEU0DEyaJbH+MAWA8KpRRbv0mxHfp26fuYIpbA==",
      "license": "MIT",
      "dependencies": {
        "@hotwired/turbo-rails": "^8.0.0",
        "idiomorph": "^0.7.3"
      },
      "peerDependencies": {
        "@hotwired/stimulus": "^3.2.2"
      }
    }
  }
}
